
Microsoft Visual Studio Solution File, Format Version 12.00
# Visual Studio Version 17
VisualStudioVersion = 17.7.34031.279
MinimumVisualStudioVersion = 10.0.40219.1
Project("{2150E333-8FDC-42A3-9474-1A3956D46DE8}") = "src", "src", "{89725212-636D-4562-A2A8-EF2E550ADDC9}"
EndProject
Project("{2150E333-8FDC-42A3-9474-1A3956D46DE8}") = "test", "test", "{DB10B0EE-022A-49E9-9254-7AD25FFDEFBA}"
EndProject
Project("{9A19103F-16F7-4668-BE54-9A1E7A4F7556}") = "Bookify.Domain", "Bookify.Domain\Bookify.Domain.csproj", "{9EBA4050-9DBF-46BE-9579-ADF3D0E9E6F6}"
EndProject
Project("{FAE04EC0-301F-11D3-BF4B-00C04F79EFBC}") = "Bookify.Application", "Bookify.Application\Bookify.Application.csproj", "{8431F2DC-26F3-44E3-A0BC-3BF1737E6BA6}"
EndProject
Global
	GlobalSection(SolutionConfigurationPlatforms) = preSolution
		Debug|Any CPU = Debug|Any CPU
		Release|Any CPU = Release|Any CPU
	EndGlobalSection
	GlobalSection(ProjectConfigurationPlatforms) = postSolution
		{9EBA4050-9DBF-46BE-9579-ADF3D0E9E6F6}.Debug|Any CPU.ActiveCfg = Debug|Any CPU
		{9EBA4050-9DBF-46BE-9579-ADF3D0E9E6F6}.Debug|Any CPU.Build.0 = Debug|Any CPU
		{9EBA4050-9DBF-46BE-9579-ADF3D0E9E6F6}.Release|Any CPU.ActiveCfg = Release|Any CPU
		{9EBA4050-9DBF-46BE-9579-ADF3D0E9E6F6}.Release|Any CPU.Build.0 = Release|Any CPU
		{8431F2DC-26F3-44E3-A0BC-3BF1737E6BA6}.Debug|Any CPU.ActiveCfg = Debug|Any CPU
		{8431F2DC-26F3-44E3-A0BC-3BF1737E6BA6}.Debug|Any CPU.Build.0 = Debug|Any CPU
		{8431F2DC-26F3-44E3-A0BC-3BF1737E6BA6}.Release|Any CPU.ActiveCfg = Release|Any CPU
		{8431F2DC-26F3-44E3-A0BC-3BF1737E6BA6}.Release|Any CPU.Build.0 = Release|Any CPU
	EndGlobalSection
	GlobalSection(SolutionProperties) = preSolution
		HideSolutionNode = FALSE
	EndGlobalSection
	GlobalSection(NestedProjects) = preSolution
		{9EBA4050-9DBF-46BE-9579-ADF3D0E9E6F6} = {89725212-636D-4562-A2A8-EF2E550ADDC9}
		{8431F2DC-26F3-44E3-A0BC-3BF1737E6BA6} = {89725212-636D-4562-A2A8-EF2E550ADDC9}
	EndGlobalSection
	GlobalSection(ExtensibilityGlobals) = postSolution
		SolutionGuid = {84E5EA21-7D08-46AB-9D1F-FB75F429D40B}
	EndGlobalSection
EndGlobal
